
Microsoft Visual Studio Solution File, Format Version 12.00
# Visual Studio Version 16
VisualStudioVersion = 25.0.1700.7
MinimumVisualStudioVersion = 10.0.40219.1
Project("{FAE04EC0-301F-11D3-BF4B-00C04F79EFBC}") = "SearchBookGoogleAPI.Droid", "SearchBookGoogleAPI.Droid\SearchBookGoogleAPI.Droid.csproj", "{8A297136-D6B8-49D7-9731-B076484681D4}"
EndProject
Project("{FAE04EC0-301F-11D3-BF4B-00C04F79EFBC}") = "SearchBookGoogleAPI.Core", "SearchBookGoogleAPI.Core\SearchBookGoogleAPI.Core.csproj", "{46B616BF-B9FA-4B74-9F12-18E2604FE468}"
EndProject
Global
	GlobalSection(SolutionConfigurationPlatforms) = preSolution
		Debug|Any CPU = Debug|Any CPU
		Release|Any CPU = Release|Any CPU
	EndGlobalSection
	GlobalSection(ProjectConfigurationPlatforms) = postSolution
		{8A297136-D6B8-49D7-9731-B076484681D4}.Debug|Any CPU.ActiveCfg = Debug|Any CPU
		{8A297136-D6B8-49D7-9731-B076484681D4}.Debug|Any CPU.Build.0 = Debug|Any CPU
		{8A297136-D6B8-49D7-9731-B076484681D4}.Release|Any CPU.ActiveCfg = Release|Any CPU
		{8A297136-D6B8-49D7-9731-B076484681D4}.Release|Any CPU.Build.0 = Release|Any CPU
		{46B616BF-B9FA-4B74-9F12-18E2604FE468}.Debug|Any CPU.ActiveCfg = Debug|Any CPU
		{46B616BF-B9FA-4B74-9F12-18E2604FE468}.Debug|Any CPU.Build.0 = Debug|Any CPU
		{46B616BF-B9FA-4B74-9F12-18E2604FE468}.Release|Any CPU.ActiveCfg = Release|Any CPU
		{46B616BF-B9FA-4B74-9F12-18E2604FE468}.Release|Any CPU.Build.0 = Release|Any CPU
	EndGlobalSection
	GlobalSection(SolutionProperties) = preSolution
		HideSolutionNode = FALSE
	EndGlobalSection
	GlobalSection(ExtensibilityGlobals) = postSolution
		SolutionGuid = {BB8BE581-A50B-4F53-A890-8D3955A67A7D}
	EndGlobalSection
EndGlobal
